
Microsoft Visual Studio Solution File, Format Version 10.00
# Visual Studio 2008
Project("{FAE04EC0-301F-11D3-BF4B-00C04F79EFBC}") = "TotalCommanderVTab", "TotalCommanderVTab\TotalCommanderVTab.csproj", "{55E5CE29-E5BC-445C-BCBE-504C691554B8}"
EndProject
Project("{FAE04EC0-301F-11D3-BF4B-00C04F79EFBC}") = "XLib.General", "..\XLib.General\XLib.General.csproj", "{CE4EC560-46A3-41A4-948C-55687512A0D3}"
EndProject
Project("{FAE04EC0-301F-11D3-BF4B-00C04F79EFBC}") = "XLib.Data.Settings", "..\XLib.Data.Settings\XLib.Data.Settings.csproj", "{AA8668DF-62FB-47FE-AFC4-4BD4957DF2C8}"
EndProject
Project("{FAE04EC0-301F-11D3-BF4B-00C04F79EFBC}") = "XLib.TotalCommander", "..\XLib.TotalCommander\XLib.TotalCommander.csproj", "{4676DE2C-5197-4E22-B483-EC9B7102A325}"
EndProject
Global
	GlobalSection(SolutionConfigurationPlatforms) = preSolution
		Debug|Any CPU = Debug|Any CPU
		Release|Any CPU = Release|Any CPU
	EndGlobalSection
	GlobalSection(ProjectConfigurationPlatforms) = postSolution
		{55E5CE29-E5BC-445C-BCBE-504C691554B8}.Debug|Any CPU.ActiveCfg = Debug|Any CPU
		{55E5CE29-E5BC-445C-BCBE-504C691554B8}.Debug|Any CPU.Build.0 = Debug|Any CPU
		{55E5CE29-E5BC-445C-BCBE-504C691554B8}.Release|Any CPU.ActiveCfg = Release|Any CPU
		{55E5CE29-E5BC-445C-BCBE-504C691554B8}.Release|Any CPU.Build.0 = Release|Any CPU
		{CE4EC560-46A3-41A4-948C-55687512A0D3}.Debug|Any CPU.ActiveCfg = Debug|Any CPU
		{CE4EC560-46A3-41A4-948C-55687512A0D3}.Debug|Any CPU.Build.0 = Debug|Any CPU
		{CE4EC560-46A3-41A4-948C-55687512A0D3}.Release|Any CPU.ActiveCfg = Release|Any CPU
		{CE4EC560-46A3-41A4-948C-55687512A0D3}.Release|Any CPU.Build.0 = Release|Any CPU
		{AA8668DF-62FB-47FE-AFC4-4BD4957DF2C8}.Debug|Any CPU.ActiveCfg = Debug|Any CPU
		{AA8668DF-62FB-47FE-AFC4-4BD4957DF2C8}.Debug|Any CPU.Build.0 = Debug|Any CPU
		{AA8668DF-62FB-47FE-AFC4-4BD4957DF2C8}.Release|Any CPU.ActiveCfg = Release|Any CPU
		{AA8668DF-62FB-47FE-AFC4-4BD4957DF2C8}.Release|Any CPU.Build.0 = Release|Any CPU
		{4676DE2C-5197-4E22-B483-EC9B7102A325}.Debug|Any CPU.ActiveCfg = Debug|Any CPU
		{4676DE2C-5197-4E22-B483-EC9B7102A325}.Debug|Any CPU.Build.0 = Debug|Any CPU
		{4676DE2C-5197-4E22-B483-EC9B7102A325}.Release|Any CPU.ActiveCfg = Release|Any CPU
		{4676DE2C-5197-4E22-B483-EC9B7102A325}.Release|Any CPU.Build.0 = Release|Any CPU
	EndGlobalSection
	GlobalSection(SolutionProperties) = preSolution
		HideSolutionNode = FALSE
	EndGlobalSection
EndGlobal
